# THIS IS AN AUTOGENERATED FILE. DO NOT EDIT THIS FILE DIRECTLY.
# yarn lockfile v1


"@layerzerolabs/lz-evm-messagelib-v2@^2.1.27":
  version "2.1.27"
  resolved "https://registry.yarnpkg.com/@layerzerolabs/lz-evm-messagelib-v2/-/lz-evm-messagelib-v2-2.1.27.tgz#b5517288de73f55c3717b2cb433af08bbcd138ca"
  integrity sha512-7om/nPsxfgfRNsdgsj01foEOXg10crMWRu7B7/LnqjZ9LB5Q0TrF/Hw+r7OL/TtcPqLGpiadN97HSlcuAFU4Bg==

"@layerzerolabs/lz-evm-oapp-v2@^2.1.18":
  version "2.1.27"
  resolved "https://registry.yarnpkg.com/@layerzerolabs/lz-evm-oapp-v2/-/lz-evm-oapp-v2-2.1.27.tgz#23002e7aed920972bb6506b75716fe2459b961ab"
  integrity sha512-euZO+oEqmKFf7ESNBCcR5ofOLaoLroxnFChjaHY0cBLc3rNq5WRY1zhMhqVqxpqhsjfpt3nsnea+DbBAgCjKxw==

"@layerzerolabs/lz-evm-protocol-v2@^2.1.27":
  version "2.1.27"
  resolved "https://registry.yarnpkg.com/@layerzerolabs/lz-evm-protocol-v2/-/lz-evm-protocol-v2-2.1.27.tgz#7f2ec78af67fe66cd75a7eb90aa37329417e2605"
  integrity sha512-kJlPYILW/VLxeeWagFYJpP/4EFeCw7Yuqp+qpv/+lnGDSXflvanGVnCApBJtEmirMva4E0nEkTFd0x9rfu/1Dg==

"@openzeppelin/contracts-upgradeable@^5.0.2":
  version "5.0.2"
  resolved "https://registry.yarnpkg.com/@openzeppelin/contracts-upgradeable/-/contracts-upgradeable-5.0.2.tgz#3e5321a2ecdd0b206064356798c21225b6ec7105"
  integrity sha512-0MmkHSHiW2NRFiT9/r5Lu4eJq5UJ4/tzlOgYXNAIj/ONkQTVnz22pLxDvp4C4uZ9he7ZFvGn3Driptn1/iU7tQ==

"@openzeppelin/contracts@^5.0.1":
  version "5.0.2"
  resolved "https://registry.yarnpkg.com/@openzeppelin/contracts/-/contracts-5.0.2.tgz#b1d03075e49290d06570b2fd42154d76c2a5d210"
  integrity sha512-ytPc6eLGcHHnapAZ9S+5qsdomhjo6QBHTDRRBFfTxXIpsicMhVPouPgmUPebZZZGX7vt9USA+Z+0M0dSVtSUEA==

"ds-test@github:dapphub/ds-test":
  version "1.0.0"
  resolved "https://codeload.github.com/dapphub/ds-test/tar.gz/e282159d5170298eb2455a6c05280ab5a73a4ef0"

forge-std@^1.1.2:
  version "1.1.2"
  resolved "https://registry.yarnpkg.com/forge-std/-/forge-std-1.1.2.tgz#f4a0eda103538d56f9c563f3cd1fa2fd01bd9378"
  integrity sha512-Wfb0iAS9PcfjMKtGpWQw9mXzJxrWD62kJCUqqLcyuI0+VRtJ3j20XembjF3kS20qELYdXft1vD/SPFVWVKMFOw==

"forge-std@github:foundry-rs/forge-std#v1.8.1":
  version "1.7.6"
  resolved "https://codeload.github.com/foundry-rs/forge-std/tar.gz/bb4ceea94d6f10eeb5b41dc2391c6c8bf8e734ef"

"layerzero-v2@github:JorgeAtPaladin/LayerZero-v2#lz-upgrade":
  version "2.0.2"
  resolved "https://codeload.github.com/JorgeAtPaladin/LayerZero-v2/tar.gz/21ad027cf323c323619566d2c9d1f2fa404f021f"

solidity-bytes-utils@^0.8.2:
  version "0.8.2"
  resolved "https://registry.yarnpkg.com/solidity-bytes-utils/-/solidity-bytes-utils-0.8.2.tgz#763d6a02fd093e93b3a97b742e97d540e66c29bd"
  integrity sha512-cqXPYAV2auhpdKSTPuqji0CwpSceZDu95CzqSM/9tDJ2MoMaMsdHTpOIWtVw31BIqqGPNmIChCswzbw0tHaMTw==
  dependencies:
    ds-test "github:dapphub/ds-test"
    forge-std "^1.1.2"
